
Microsoft Visual Studio Solution File, Format Version 12.00
# Visual Studio Version 16
VisualStudioVersion = 16.0.30804.86
MinimumVisualStudioVersion = 10.0.40219.1
Project("{FAE04EC0-301F-11D3-BF4B-00C04F79EFBC}") = "Production", "Production\Production.csproj", "{D2165BA5-9908-4435-96B1-062E1576FC27}"
EndProject
Project("{FAE04EC0-301F-11D3-BF4B-00C04F79EFBC}") = "Tests", "Tests\Tests.csproj", "{7E1C2127-354F-469E-B6FE-6B6FFACAED9F}"
EndProject
Global
	GlobalSection(SolutionConfigurationPlatforms) = preSolution
		Debug|Any CPU = Debug|Any CPU
		Release|Any CPU = Release|Any CPU
	EndGlobalSection
	GlobalSection(ProjectConfigurationPlatforms) = postSolution
		{D2165BA5-9908-4435-96B1-062E1576FC27}.Debug|Any CPU.ActiveCfg = Debug|Any CPU
		{D2165BA5-9908-4435-96B1-062E1576FC27}.Debug|Any CPU.Build.0 = Debug|Any CPU
		{D2165BA5-9908-4435-96B1-062E1576FC27}.Release|Any CPU.ActiveCfg = Release|Any CPU
		{D2165BA5-9908-4435-96B1-062E1576FC27}.Release|Any CPU.Build.0 = Release|Any CPU
		{7E1C2127-354F-469E-B6FE-6B6FFACAED9F}.Debug|Any CPU.ActiveCfg = Debug|Any CPU
		{7E1C2127-354F-469E-B6FE-6B6FFACAED9F}.Debug|Any CPU.Build.0 = Debug|Any CPU
		{7E1C2127-354F-469E-B6FE-6B6FFACAED9F}.Release|Any CPU.ActiveCfg = Release|Any CPU
		{7E1C2127-354F-469E-B6FE-6B6FFACAED9F}.Release|Any CPU.Build.0 = Release|Any CPU
	EndGlobalSection
	GlobalSection(SolutionProperties) = preSolution
		HideSolutionNode = FALSE
	EndGlobalSection
	GlobalSection(ExtensibilityGlobals) = postSolution
		SolutionGuid = {1409A302-30C8-4804-8C3A-93079BBD7178}
	EndGlobalSection
EndGlobal
